<?xml version="1.0" encoding="utf-8"?>
<Project ToolsVersion="4.0" xmlns="http://schemas.microsoft.com/developer/msbuild/2003">
  <ItemGroup>
    <Filter Include="Source Files">
      <UniqueIdentifier>{4FC737F1-C7A5-4376-A066-2A32D752A2FF}</UniqueIdentifier>
      <Extensions>cpp;c;cc;cxx;def;odl;idl;hpj;bat;asm;asmx</Extensions>
    </Filter>
    <Filter Include="Header Files">
      <UniqueIdentifier>{93995380-89BD-4b04-88EB-625FBE52EBFB}</UniqueIdentifier>
      <Extensions>h;hpp;hxx;hm;inl;inc;xsd</Extensions>
    </Filter>
    <Filter Include="Resource Files">
      <UniqueIdentifier>{67DA6AB6-F800-4c08-8B7A-83BB121AAD01}</UniqueIdentifier>
      <Extensions>rc;ico;cur;bmp;dlg;rc2;rct;bin;rgs;gif;jpg;jpeg;jpe;resx;tiff;tif;png;wav;mfcribbon-ms</Extensions>
    </Filter>
    <Filter Include="Source Files\Tutorials">
      <UniqueIdentifier>{42dbab5e-1cd7-4587-bb7d-ab321f9bc402}</UniqueIdentifier>
    </Filter>
    <Filter Include="Header Files\Tutorials">
      <UniqueIdentifier>{cce9b9b8-81ef-4f60-9f3d-46b0f93cbf20}</UniqueIdentifier>
    </Filter>
  </ItemGroup>
  <ItemGroup>
    <ClCompile Include="main.cpp">
      <Filter>Source Files</Filter>
    </ClCompile>
    <ClCompile Include="..\src\gl_core_4_4.c">
      <Filter>Source Files</Filter>
    </ClCompile>
    <ClCompile Include="..\dep\aieutilities\Gizmos.cpp">
      <Filter>Source Files</Filter>
    </ClCompile>
    <ClCompile Include="Camera.cpp">
      <Filter>Source Files</Filter>
    </ClCompile>
    <ClCompile Include="Application.cpp">
      <Filter>Source Files</Filter>
    </ClCompile>
    <ClCompile Include="FlyCamera.cpp">
      <Filter>Source Files</Filter>
    </ClCompile>
    <ClCompile Include="Tutorial2.cpp">
      <Filter>Source Files\Tutorials</Filter>
    </ClCompile>
    <ClCompile Include="Tutorial1.cpp">
      <Filter>Source Files\Tutorials</Filter>
    </ClCompile>
    <ClCompile Include="OBJLoader.cpp">
      <Filter>Source Files</Filter>
    </ClCompile>
    <ClCompile Include="Tutorial3.cpp">
      <Filter>Source Files\Tutorials</Filter>
    </ClCompile>
    <ClCompile Include="Tutorial4.cpp">
      <Filter>Source Files\Tutorials</Filter>
    </ClCompile>
    <ClCompile Include="Tutorial5.cpp">
      <Filter>Source Files\Tutorials</Filter>
    </ClCompile>
    <ClCompile Include="Tutorial6.cpp">
      <Filter>Source Files\Tutorials</Filter>
    </ClCompile>
    <ClCompile Include="..\src\tiny_obj_loader.cc">
      <Filter>Source Files</Filter>
    </ClCompile>
    <ClCompile Include="Renderer.cpp">
      <Filter>Source Files</Filter>
    </ClCompile>
    <ClCompile Include="Tutorial7.cpp">
      <Filter>Source Files\Tutorials</Filter>
    </ClCompile>
    <ClCompile Include="ParticleEmitter.cpp">
      <Filter>Source Files</Filter>
    </ClCompile>
    <ClCompile Include="Tutorial8.cpp">
      <Filter>Source Files\Tutorials</Filter>
    </ClCompile>
    <ClCompile Include="GPUParticleEmitter.cpp">
      <Filter>Source Files</Filter>
    </ClCompile>
    <ClCompile Include="Tutorial9.cpp">
      <Filter>Source Files\Tutorials</Filter>
    </ClCompile>
    <ClCompile Include="Tutorial10.cpp">
      <Filter>Source Files\Tutorials</Filter>
    </ClCompile>
    <ClCompile Include="Tutorial11.cpp">
      <Filter>Source Files\Tutorials</Filter>
    </ClCompile>
    <ClCompile Include="Tutorial13.cpp">
      <Filter>Source Files\Tutorials</Filter>
    </ClCompile>
  </ItemGroup>
  <ItemGroup>
    <ClInclude Include="..\src\gl_core_4_4.h">
      <Filter>Header Files</Filter>
    </ClInclude>
    <ClInclude Include="..\dep\aieutilities\Gizmos.h">
      <Filter>Header Files</Filter>
    </ClInclude>
    <ClInclude Include="Camera.h">
      <Filter>Header Files</Filter>
    </ClInclude>
    <ClInclude Include="Application.h">
      <Filter>Header Files</Filter>
    </ClInclude>
    <ClInclude Include="FlyCamera.h">
      <Filter>Header Files</Filter>
    </ClInclude>
    <ClInclude Include="Tutorial1.h">
      <Filter>Header Files\Tutorials</Filter>
    </ClInclude>
    <ClInclude Include="Tutorial2.h">
      <Filter>Header Files\Tutorials</Filter>
    </ClInclude>
    <ClInclude Include="OBJLoader.h">
      <Filter>Header Files</Filter>
    </ClInclude>
    <ClInclude Include="Tutorial3.h">
      <Filter>Header Files\Tutorials</Filter>
    </ClInclude>
    <ClInclude Include="Tutorial4.h">
      <Filter>Header Files\Tutorials</Filter>
    </ClInclude>
    <ClInclude Include="Tutorial5.h">
      <Filter>Header Files\Tutorials</Filter>
    </ClInclude>
    <ClInclude Include="Tutorial6.h">
      <Filter>Header Files\Tutorials</Filter>
    </ClInclude>
    <ClInclude Include="..\src\tiny_obj_loader.h">
      <Filter>Header Files</Filter>
    </ClInclude>
    <ClInclude Include="Renderer.h">
      <Filter>Header Files</Filter>
    </ClInclude>
    <ClInclude Include="..\src\FBXFile.h">
      <Filter>Header Files</Filter>
    </ClInclude>
    <ClInclude Include="Tutorial7.h">
      <Filter>Header Files\Tutorials</Filter>
    </ClInclude>
    <ClInclude Include="ParticleEmitter.h">
      <Filter>Header Files</Filter>
    </ClInclude>
    <ClInclude Include="Tutorial8.h">
      <Filter>Header Files\Tutorials</Filter>
    </ClInclude>
    <ClInclude Include="GPUParticleEmitter.h">
      <Filter>Header Files</Filter>
    </ClInclude>
    <ClInclude Include="Tutorial9.h">
      <Filter>Header Files\Tutorials</Filter>
    </ClInclude>
    <ClInclude Include="Tutorial10.h">
      <Filter>Header Files\Tutorials</Filter>
    </ClInclude>
    <ClInclude Include="Tutorial11.h">
      <Filter>Header Files\Tutorials</Filter>
    </ClInclude>
    <ClInclude Include="Tutorial13.h">
      <Filter>Header Files\Tutorials</Filter>
    </ClInclude>
  </ItemGroup>
</Project>